
Microsoft Visual Studio Solution File, Format Version 12.00
# Visual Studio Version 17
VisualStudioVersion = 17.14.36511.14
MinimumVisualStudioVersion = 10.0.40219.1
Project("{2150E333-8FDC-42A3-9474-1A3956D46DE8}") = "WebApps", "WebApps", "{02EA681E-C7D8-13C7-8484-4AC65E1B71E8}"
EndProject
Project("{2150E333-8FDC-42A3-9474-1A3956D46DE8}") = "Services", "Services", "{D447C659-2697-4C93-BBCE-A0432E3DA838}"
EndProject
Project("{2150E333-8FDC-42A3-9474-1A3956D46DE8}") = "GestaoConteudo", "GestaoConteudo", "{0DBD0DE6-FF7F-4D0B-85DE-860B9533AED8}"
EndProject
Project("{2150E333-8FDC-42A3-9474-1A3956D46DE8}") = "Core", "Core", "{AC591448-C1AE-4529-A90F-2816BCBDE260}"
EndProject
Project("{2150E333-8FDC-42A3-9474-1A3956D46DE8}") = "PagamentosFaturamento", "PagamentosFaturamento", "{FAFF0329-6CF9-4378-935B-52F42BC2342E}"
EndProject
Project("{FAE04EC0-301F-11D3-BF4B-00C04F79EFBC}") = "MBA.EducaOn.Api", "scr\MBA.EducaOn.Api\MBA.EducaOn.Api.csproj", "{90824F07-A90A-43AF-8B89-B2779B66A5D6}"
EndProject
Project("{FAE04EC0-301F-11D3-BF4B-00C04F79EFBC}") = "MBA.EducaOn.Core", "scr\MBA.EducaOn.Domain\MBA.EducaOn.Core.csproj", "{A0B54D90-FFA4-4A78-9E51-11AC252FD567}"
EndProject
Project("{2150E333-8FDC-42A3-9474-1A3956D46DE8}") = "GestaoAlunos", "GestaoAlunos", "{3CBC87A3-6D04-4784-BB28-AE9414EBEFC0}"
EndProject
Project("{FAE04EC0-301F-11D3-BF4B-00C04F79EFBC}") = "MBA.EducaOn.GestaoConteudo.Application", "scr\MBA.EducaOn.Cadastro.Application\MBA.EducaOn.GestaoConteudo.Application.csproj", "{3A8AC176-9B6B-41AE-8284-E5CFBE1D37C0}"
EndProject
Project("{FAE04EC0-301F-11D3-BF4B-00C04F79EFBC}") = "MBA.EducaOn.GestaoConteudo.Data", "scr\MBA.EducaOn.Cadastro.Data\MBA.EducaOn.GestaoConteudo.Data.csproj", "{6DB8875D-2AF8-4081-A987-4A5F36C360CA}"
EndProject
Project("{FAE04EC0-301F-11D3-BF4B-00C04F79EFBC}") = "MBA.EducaOn.GestaoConteudo.Domain", "scr\MBA.EducaOn.Cadastro.Domain\MBA.EducaOn.GestaoConteudo.Domain.csproj", "{4A6C3896-31DB-4650-AB6E-4BC0C55B36BB}"
EndProject
Project("{2150E333-8FDC-42A3-9474-1A3956D46DE8}") = "Tests", "Tests", "{FC6D0BCC-D46F-4926-8784-F041C256D0B7}"
EndProject
Project("{2150E333-8FDC-42A3-9474-1A3956D46DE8}") = "Tests", "Tests", "{36B3A60A-EC03-4DD8-8AAE-A626430BD2E6}"
EndProject
Project("{2150E333-8FDC-42A3-9474-1A3956D46DE8}") = "Tests", "Tests", "{C6E13DBF-36C1-40A2-A937-B290F2B8A2F9}"
EndProject
Project("{FAE04EC0-301F-11D3-BF4B-00C04F79EFBC}") = "MBA.EducaOn.GestaoAlunos.Application", "scr\MBA.EducaOn.GestaoAlunos.Application\MBA.EducaOn.GestaoAlunos.Application.csproj", "{62452676-1A93-4A91-8779-9AA619EAA11B}"
EndProject
Project("{FAE04EC0-301F-11D3-BF4B-00C04F79EFBC}") = "MBA.EducaOn.GestaoAlunos.Data", "scr\MBA.EducaOn.GestaoAlunos.Data\MBA.EducaOn.GestaoAlunos.Data.csproj", "{FECADC2A-01F6-4202-A81E-8DF2A3841A02}"
EndProject
Project("{FAE04EC0-301F-11D3-BF4B-00C04F79EFBC}") = "MBA.EducaOn.GestaoAlunos.Domain", "scr\MBA.EducaOn.GestaoAlunos.Domain\MBA.EducaOn.GestaoAlunos.Domain.csproj", "{3C4049F6-082E-4A28-B430-3E088B0D6718}"
EndProject
Project("{2150E333-8FDC-42A3-9474-1A3956D46DE8}") = "Tests", "Tests", "{F2F5930F-329A-4A36-B97F-455FEDF50092}"
EndProject
Project("{FAE04EC0-301F-11D3-BF4B-00C04F79EFBC}") = "MBA.EduacaOn.GestaoConteudo.Application.Test", "tests\Unitarios\MBA.EduacaOn.Cadastro.Application.Test\MBA.EduacaOn.GestaoConteudo.Application.Test.csproj", "{519F68F6-9FD4-8086-A323-F79F75290C28}"
EndProject
Project("{FAE04EC0-301F-11D3-BF4B-00C04F79EFBC}") = "MBA.EducaOn.GestaoAlunos.Application", "tests\Unitarios\MBA.EducaOn.GestaoAlunos.Application\MBA.EducaOn.GestaoAlunos.Application.csproj", "{DB4681BC-43B4-40C6-B05B-08D34C5B08C2}"
EndProject
Project("{2150E333-8FDC-42A3-9474-1A3956D46DE8}") = "BoundedContexts", "BoundedContexts", "{14E32927-E954-42A2-82D2-AF6DD65CE16D}"
EndProject
Project("{FAE04EC0-301F-11D3-BF4B-00C04F79EFBC}") = "MBA.EducaOn.Security", "scr\MBA.EducaOn.Security\MBA.EducaOn.Security.csproj", "{C9A66957-C280-4769-BAAE-522886CEC81B}"
EndProject
Project("{2150E333-8FDC-42A3-9474-1A3956D46DE8}") = "0-Solution Items", "0-Solution Items", "{8EC462FD-D22E-90A8-E5CE-7E832BA40C5D}"
	ProjectSection(SolutionItems) = preProject
		.gitattributes = .gitattributes
		.gitignore = .gitignore
		FEEDBACK.md = FEEDBACK.md
		LICENSE.txt = LICENSE.txt
		README.md = README.md
	EndProjectSection
EndProject
Project("{FAE04EC0-301F-11D3-BF4B-00C04F79EFBC}") = "MBA.EducaOn.Ioc", "scr\MBA.EducaOn.Ioc\MBA.EducaOn.Ioc.csproj", "{383781F2-2F28-4831-A360-67EE5FBAE993}"
EndProject
Global
	GlobalSection(SolutionConfigurationPlatforms) = preSolution
		Debug|Any CPU = Debug|Any CPU
		Release|Any CPU = Release|Any CPU
	EndGlobalSection
	GlobalSection(ProjectConfigurationPlatforms) = postSolution
		{90824F07-A90A-43AF-8B89-B2779B66A5D6}.Debug|Any CPU.ActiveCfg = Debug|Any CPU
		{90824F07-A90A-43AF-8B89-B2779B66A5D6}.Debug|Any CPU.Build.0 = Debug|Any CPU
		{90824F07-A90A-43AF-8B89-B2779B66A5D6}.Release|Any CPU.ActiveCfg = Release|Any CPU
		{90824F07-A90A-43AF-8B89-B2779B66A5D6}.Release|Any CPU.Build.0 = Release|Any CPU
		{A0B54D90-FFA4-4A78-9E51-11AC252FD567}.Debug|Any CPU.ActiveCfg = Debug|Any CPU
		{A0B54D90-FFA4-4A78-9E51-11AC252FD567}.Debug|Any CPU.Build.0 = Debug|Any CPU
		{A0B54D90-FFA4-4A78-9E51-11AC252FD567}.Release|Any CPU.ActiveCfg = Release|Any CPU
		{A0B54D90-FFA4-4A78-9E51-11AC252FD567}.Release|Any CPU.Build.0 = Release|Any CPU
		{3A8AC176-9B6B-41AE-8284-E5CFBE1D37C0}.Debug|Any CPU.ActiveCfg = Debug|Any CPU
		{3A8AC176-9B6B-41AE-8284-E5CFBE1D37C0}.Debug|Any CPU.Build.0 = Debug|Any CPU
		{3A8AC176-9B6B-41AE-8284-E5CFBE1D37C0}.Release|Any CPU.ActiveCfg = Release|Any CPU
		{3A8AC176-9B6B-41AE-8284-E5CFBE1D37C0}.Release|Any CPU.Build.0 = Release|Any CPU
		{6DB8875D-2AF8-4081-A987-4A5F36C360CA}.Debug|Any CPU.ActiveCfg = Debug|Any CPU
		{6DB8875D-2AF8-4081-A987-4A5F36C360CA}.Debug|Any CPU.Build.0 = Debug|Any CPU
		{6DB8875D-2AF8-4081-A987-4A5F36C360CA}.Release|Any CPU.ActiveCfg = Release|Any CPU
		{6DB8875D-2AF8-4081-A987-4A5F36C360CA}.Release|Any CPU.Build.0 = Release|Any CPU
		{4A6C3896-31DB-4650-AB6E-4BC0C55B36BB}.Debug|Any CPU.ActiveCfg = Debug|Any CPU
		{4A6C3896-31DB-4650-AB6E-4BC0C55B36BB}.Debug|Any CPU.Build.0 = Debug|Any CPU
		{4A6C3896-31DB-4650-AB6E-4BC0C55B36BB}.Release|Any CPU.ActiveCfg = Release|Any CPU
		{4A6C3896-31DB-4650-AB6E-4BC0C55B36BB}.Release|Any CPU.Build.0 = Release|Any CPU
		{62452676-1A93-4A91-8779-9AA619EAA11B}.Debug|Any CPU.ActiveCfg = Debug|Any CPU
		{62452676-1A93-4A91-8779-9AA619EAA11B}.Debug|Any CPU.Build.0 = Debug|Any CPU
		{62452676-1A93-4A91-8779-9AA619EAA11B}.Release|Any CPU.ActiveCfg = Release|Any CPU
		{62452676-1A93-4A91-8779-9AA619EAA11B}.Release|Any CPU.Build.0 = Release|Any CPU
		{FECADC2A-01F6-4202-A81E-8DF2A3841A02}.Debug|Any CPU.ActiveCfg = Debug|Any CPU
		{FECADC2A-01F6-4202-A81E-8DF2A3841A02}.Debug|Any CPU.Build.0 = Debug|Any CPU
		{FECADC2A-01F6-4202-A81E-8DF2A3841A02}.Release|Any CPU.ActiveCfg = Release|Any CPU
		{FECADC2A-01F6-4202-A81E-8DF2A3841A02}.Release|Any CPU.Build.0 = Release|Any CPU
		{3C4049F6-082E-4A28-B430-3E088B0D6718}.Debug|Any CPU.ActiveCfg = Debug|Any CPU
		{3C4049F6-082E-4A28-B430-3E088B0D6718}.Debug|Any CPU.Build.0 = Debug|Any CPU
		{3C4049F6-082E-4A28-B430-3E088B0D6718}.Release|Any CPU.ActiveCfg = Release|Any CPU
		{3C4049F6-082E-4A28-B430-3E088B0D6718}.Release|Any CPU.Build.0 = Release|Any CPU
		{519F68F6-9FD4-8086-A323-F79F75290C28}.Debug|Any CPU.ActiveCfg = Debug|Any CPU
		{519F68F6-9FD4-8086-A323-F79F75290C28}.Debug|Any CPU.Build.0 = Debug|Any CPU
		{519F68F6-9FD4-8086-A323-F79F75290C28}.Release|Any CPU.ActiveCfg = Release|Any CPU
		{519F68F6-9FD4-8086-A323-F79F75290C28}.Release|Any CPU.Build.0 = Release|Any CPU
		{DB4681BC-43B4-40C6-B05B-08D34C5B08C2}.Debug|Any CPU.ActiveCfg = Debug|Any CPU
		{DB4681BC-43B4-40C6-B05B-08D34C5B08C2}.Debug|Any CPU.Build.0 = Debug|Any CPU
		{DB4681BC-43B4-40C6-B05B-08D34C5B08C2}.Release|Any CPU.ActiveCfg = Release|Any CPU
		{DB4681BC-43B4-40C6-B05B-08D34C5B08C2}.Release|Any CPU.Build.0 = Release|Any CPU
		{C9A66957-C280-4769-BAAE-522886CEC81B}.Debug|Any CPU.ActiveCfg = Debug|Any CPU
		{C9A66957-C280-4769-BAAE-522886CEC81B}.Debug|Any CPU.Build.0 = Debug|Any CPU
		{C9A66957-C280-4769-BAAE-522886CEC81B}.Release|Any CPU.ActiveCfg = Release|Any CPU
		{C9A66957-C280-4769-BAAE-522886CEC81B}.Release|Any CPU.Build.0 = Release|Any CPU
		{383781F2-2F28-4831-A360-67EE5FBAE993}.Debug|Any CPU.ActiveCfg = Debug|Any CPU
		{383781F2-2F28-4831-A360-67EE5FBAE993}.Debug|Any CPU.Build.0 = Debug|Any CPU
		{383781F2-2F28-4831-A360-67EE5FBAE993}.Release|Any CPU.ActiveCfg = Release|Any CPU
		{383781F2-2F28-4831-A360-67EE5FBAE993}.Release|Any CPU.Build.0 = Release|Any CPU
	EndGlobalSection
	GlobalSection(SolutionProperties) = preSolution
		HideSolutionNode = FALSE
	EndGlobalSection
	GlobalSection(NestedProjects) = preSolution
		{0DBD0DE6-FF7F-4D0B-85DE-860B9533AED8} = {14E32927-E954-42A2-82D2-AF6DD65CE16D}
		{AC591448-C1AE-4529-A90F-2816BCBDE260} = {D447C659-2697-4C93-BBCE-A0432E3DA838}
		{FAFF0329-6CF9-4378-935B-52F42BC2342E} = {14E32927-E954-42A2-82D2-AF6DD65CE16D}
		{90824F07-A90A-43AF-8B89-B2779B66A5D6} = {02EA681E-C7D8-13C7-8484-4AC65E1B71E8}
		{A0B54D90-FFA4-4A78-9E51-11AC252FD567} = {AC591448-C1AE-4529-A90F-2816BCBDE260}
		{3CBC87A3-6D04-4784-BB28-AE9414EBEFC0} = {14E32927-E954-42A2-82D2-AF6DD65CE16D}
		{3A8AC176-9B6B-41AE-8284-E5CFBE1D37C0} = {0DBD0DE6-FF7F-4D0B-85DE-860B9533AED8}
		{6DB8875D-2AF8-4081-A987-4A5F36C360CA} = {0DBD0DE6-FF7F-4D0B-85DE-860B9533AED8}
		{4A6C3896-31DB-4650-AB6E-4BC0C55B36BB} = {0DBD0DE6-FF7F-4D0B-85DE-860B9533AED8}
		{FC6D0BCC-D46F-4926-8784-F041C256D0B7} = {0DBD0DE6-FF7F-4D0B-85DE-860B9533AED8}
		{36B3A60A-EC03-4DD8-8AAE-A626430BD2E6} = {3CBC87A3-6D04-4784-BB28-AE9414EBEFC0}
		{C6E13DBF-36C1-40A2-A937-B290F2B8A2F9} = {FAFF0329-6CF9-4378-935B-52F42BC2342E}
		{62452676-1A93-4A91-8779-9AA619EAA11B} = {3CBC87A3-6D04-4784-BB28-AE9414EBEFC0}
		{FECADC2A-01F6-4202-A81E-8DF2A3841A02} = {3CBC87A3-6D04-4784-BB28-AE9414EBEFC0}
		{3C4049F6-082E-4A28-B430-3E088B0D6718} = {3CBC87A3-6D04-4784-BB28-AE9414EBEFC0}
		{F2F5930F-329A-4A36-B97F-455FEDF50092} = {02EA681E-C7D8-13C7-8484-4AC65E1B71E8}
		{519F68F6-9FD4-8086-A323-F79F75290C28} = {FC6D0BCC-D46F-4926-8784-F041C256D0B7}
		{DB4681BC-43B4-40C6-B05B-08D34C5B08C2} = {36B3A60A-EC03-4DD8-8AAE-A626430BD2E6}
		{14E32927-E954-42A2-82D2-AF6DD65CE16D} = {D447C659-2697-4C93-BBCE-A0432E3DA838}
		{C9A66957-C280-4769-BAAE-522886CEC81B} = {AC591448-C1AE-4529-A90F-2816BCBDE260}
		{383781F2-2F28-4831-A360-67EE5FBAE993} = {AC591448-C1AE-4529-A90F-2816BCBDE260}
	EndGlobalSection
	GlobalSection(ExtensibilityGlobals) = postSolution
		SolutionGuid = {4E201B25-D2ED-43B2-B11B-FC83185EA61E}
	EndGlobalSection
EndGlobal
