
Microsoft Visual Studio Solution File, Format Version 12.00
# Visual Studio Version 17
VisualStudioVersion = 17.14.36511.14
MinimumVisualStudioVersion = 10.0.40219.1
Project("{2150E333-8FDC-42A3-9474-1A3956D46DE8}") = "WebApps", "WebApps", "{02EA681E-C7D8-13C7-8484-4AC65E1B71E8}"
EndProject
Project("{2150E333-8FDC-42A3-9474-1A3956D46DE8}") = "Services", "Services", "{D447C659-2697-4C93-BBCE-A0432E3DA838}"
EndProject
Project("{2150E333-8FDC-42A3-9474-1A3956D46DE8}") = "Conteudo", "Conteudo", "{0DBD0DE6-FF7F-4D0B-85DE-860B9533AED8}"
EndProject
Project("{2150E333-8FDC-42A3-9474-1A3956D46DE8}") = "Core", "Core", "{AC591448-C1AE-4529-A90F-2816BCBDE260}"
EndProject
Project("{2150E333-8FDC-42A3-9474-1A3956D46DE8}") = "Pagamentos", "Pagamentos", "{FAFF0329-6CF9-4378-935B-52F42BC2342E}"
EndProject
Project("{FAE04EC0-301F-11D3-BF4B-00C04F79EFBC}") = "MBA.EducaOn.Api", "scr\MBA.EducaOn.Api\MBA.EducaOn.Api.csproj", "{90824F07-A90A-43AF-8B89-B2779B66A5D6}"
EndProject
Project("{FAE04EC0-301F-11D3-BF4B-00C04F79EFBC}") = "MBA.EducaOn.Core", "scr\MBA.EducaOn.Domain\MBA.EducaOn.Core.csproj", "{A0B54D90-FFA4-4A78-9E51-11AC252FD567}"
EndProject
Project("{2150E333-8FDC-42A3-9474-1A3956D46DE8}") = "Alunos", "Alunos", "{3CBC87A3-6D04-4784-BB28-AE9414EBEFC0}"
EndProject
Project("{FAE04EC0-301F-11D3-BF4B-00C04F79EFBC}") = "MBA.EducaOn.GestaoConteudo.Application", "scr\MBA.EducaOn.Cadastro.Application\MBA.EducaOn.GestaoConteudo.Application.csproj", "{3A8AC176-9B6B-41AE-8284-E5CFBE1D37C0}"
EndProject
Project("{FAE04EC0-301F-11D3-BF4B-00C04F79EFBC}") = "MBA.EducaOn.GestaoConteudo.Data", "scr\MBA.EducaOn.Cadastro.Data\MBA.EducaOn.GestaoConteudo.Data.csproj", "{6DB8875D-2AF8-4081-A987-4A5F36C360CA}"
EndProject
Project("{FAE04EC0-301F-11D3-BF4B-00C04F79EFBC}") = "MBA.EducaOn.GestaoConteudo.Domain", "scr\MBA.EducaOn.Cadastro.Domain\MBA.EducaOn.GestaoConteudo.Domain.csproj", "{4A6C3896-31DB-4650-AB6E-4BC0C55B36BB}"
EndProject
Project("{2150E333-8FDC-42A3-9474-1A3956D46DE8}") = "Tests", "Tests", "{FC6D0BCC-D46F-4926-8784-F041C256D0B7}"
EndProject
Project("{2150E333-8FDC-42A3-9474-1A3956D46DE8}") = "Tests", "Tests", "{36B3A60A-EC03-4DD8-8AAE-A626430BD2E6}"
EndProject
Project("{2150E333-8FDC-42A3-9474-1A3956D46DE8}") = "Tests", "Tests", "{C6E13DBF-36C1-40A2-A937-B290F2B8A2F9}"
EndProject
Project("{FAE04EC0-301F-11D3-BF4B-00C04F79EFBC}") = "MBA.EducaOn.GestaoAlunos.Application", "scr\MBA.EducaOn.GestaoAlunos.Application\MBA.EducaOn.GestaoAlunos.Application.csproj", "{62452676-1A93-4A91-8779-9AA619EAA11B}"
EndProject
Project("{FAE04EC0-301F-11D3-BF4B-00C04F79EFBC}") = "MBA.EducaOn.GestaoAlunos.Data", "scr\MBA.EducaOn.GestaoAlunos.Data\MBA.EducaOn.GestaoAlunos.Data.csproj", "{FECADC2A-01F6-4202-A81E-8DF2A3841A02}"
EndProject
Project("{FAE04EC0-301F-11D3-BF4B-00C04F79EFBC}") = "MBA.EducaOn.GestaoAlunos.Domain", "scr\MBA.EducaOn.GestaoAlunos.Domain\MBA.EducaOn.GestaoAlunos.Domain.csproj", "{3C4049F6-082E-4A28-B430-3E088B0D6718}"
EndProject
Project("{2150E333-8FDC-42A3-9474-1A3956D46DE8}") = "BoundedContexts", "BoundedContexts", "{14E32927-E954-42A2-82D2-AF6DD65CE16D}"
EndProject
Project("{FAE04EC0-301F-11D3-BF4B-00C04F79EFBC}") = "MBA.EducaOn.Security", "scr\MBA.EducaOn.Security\MBA.EducaOn.Security.csproj", "{C9A66957-C280-4769-BAAE-522886CEC81B}"
EndProject
Project("{2150E333-8FDC-42A3-9474-1A3956D46DE8}") = "0-Solution Items", "0-Solution Items", "{8EC462FD-D22E-90A8-E5CE-7E832BA40C5D}"
	ProjectSection(SolutionItems) = preProject
		.gitattributes = .gitattributes
		.gitignore = .gitignore
		FEEDBACK.md = FEEDBACK.md
		LICENSE.txt = LICENSE.txt
		README.md = README.md
	EndProjectSection
EndProject
Project("{FAE04EC0-301F-11D3-BF4B-00C04F79EFBC}") = "MBA.EducaOn.Ioc", "scr\MBA.EducaOn.Ioc\MBA.EducaOn.Ioc.csproj", "{383781F2-2F28-4831-A360-67EE5FBAE993}"
EndProject
Project("{2150E333-8FDC-42A3-9474-1A3956D46DE8}") = "BuildingBlocks", "BuildingBlocks", "{72DEC180-B440-4C1C-A9B9-F4712AE21249}"
EndProject
Project("{FAE04EC0-301F-11D3-BF4B-00C04F79EFBC}") = "MBA.EducaOn.EventSourcing", "scr\MBA.EducaOn.EventSourcing\MBA.EducaOn.EventSourcing.csproj", "{BC9DE462-BBF2-42B2-A1D6-862DD7A4CC6C}"
EndProject
Project("{2150E333-8FDC-42A3-9474-1A3956D46DE8}") = "Vendas", "Vendas", "{369C8170-ACB1-4119-8524-6506834DE044}"
EndProject
Project("{2150E333-8FDC-42A3-9474-1A3956D46DE8}") = "Tests", "Tests", "{5D6FD177-08D7-4DD5-8913-7CBB474CA882}"
EndProject
Project("{FAE04EC0-301F-11D3-BF4B-00C04F79EFBC}") = "MBA.EducaOn.Vendas.Application", "scr\MBA.EducaOn.Vendas.Application\MBA.EducaOn.Vendas.Application.csproj", "{A77B93FD-6C4A-48F9-AC7C-813AD75F5EE2}"
EndProject
Project("{FAE04EC0-301F-11D3-BF4B-00C04F79EFBC}") = "MBA.EducaOn.Vendas.Data", "scr\MBA.EducaOn.Vendas.Data\MBA.EducaOn.Vendas.Data.csproj", "{D996FE86-F23F-4807-8AA9-963122ABAEBA}"
EndProject
Project("{FAE04EC0-301F-11D3-BF4B-00C04F79EFBC}") = "MBA.EducaOn.Vendas.Domain", "scr\MBA.EducaOn.Vendas.Domain\MBA.EducaOn.Vendas.Domain.csproj", "{49601748-E715-410A-8D8C-BDA61C4A6DED}"
EndProject
Project("{FAE04EC0-301F-11D3-BF4B-00C04F79EFBC}") = "MBA.EducaOn.GestaoAlunos.Application.Test", "tests\Unitarios\MBA.EducaOn.GestaoAlunos.Application.Test\MBA.EducaOn.GestaoAlunos.Application.Test.csproj", "{E31D76F0-90BB-4BCD-B20C-9502F95E33CD}"
EndProject
Project("{FAE04EC0-301F-11D3-BF4B-00C04F79EFBC}") = "MBA.EducaOn.GestaoAlunos.Data.Test", "tests\Unitarios\MBA.EducaOn.GestaoAlunos.Data.Test\MBA.EducaOn.GestaoAlunos.Data.Test.csproj", "{E441DFBB-88AD-4E3E-8061-A67E7080BDED}"
EndProject
Project("{FAE04EC0-301F-11D3-BF4B-00C04F79EFBC}") = "MBA.EducaOn.GestaoConteudo.Application.Test", "tests\Unitarios\MBA.EducaOn.GestaoConteudo.Application.Test\MBA.EducaOn.GestaoConteudo.Application.Test.csproj", "{BE1CEC50-929D-48BA-92E4-B00EE96E158D}"
EndProject
Project("{FAE04EC0-301F-11D3-BF4B-00C04F79EFBC}") = "MBA.EducaOn.GestaoConteudo.Data.Test", "tests\Unitarios\MBA.EducaOn.GestaoConteudo.Data.Test\MBA.EducaOn.GestaoConteudo.Data.Test.csproj", "{50349B7D-3992-47D2-8A8E-5197300B9431}"
EndProject
Project("{FAE04EC0-301F-11D3-BF4B-00C04F79EFBC}") = "MBA.EducaOn.Pagamentos.Business", "scr\MBA.EducaOn.Pagamentos.Business\MBA.EducaOn.Pagamentos.Business.csproj", "{319A7A2A-DDFE-4AD6-8C29-F3781DD0B19A}"
EndProject
Project("{FAE04EC0-301F-11D3-BF4B-00C04F79EFBC}") = "MBA.EducaOn.Pagamentos.Data", "scr\MBA.EducaOn.Pagamentos.Data\MBA.EducaOn.Pagamentos.Data.csproj", "{243EDFEE-43F1-4890-8317-7AE08F5720B2}"
EndProject
Project("{FAE04EC0-301F-11D3-BF4B-00C04F79EFBC}") = "MBA.EducaOn.Pagamentos.AntiCorruption", "scr\MBA.EducaOn.Pagamentos.AntiCorruption\MBA.EducaOn.Pagamentos.AntiCorruption.csproj", "{5858E365-8C02-41F0-82E9-8E8C031B628C}"
EndProject
Project("{FAE04EC0-301F-11D3-BF4B-00C04F79EFBC}") = "MBA.EducaOn.Vendas.Application.Test", "tests\Unitarios\MBA.EducaOn.Vendas.Application.Test\MBA.EducaOn.Vendas.Application.Test.csproj", "{CCBD88D2-AB74-4CF3-BAB4-92924A00735B}"
EndProject
Project("{FAE04EC0-301F-11D3-BF4B-00C04F79EFBC}") = "MBA.EducaOn.Vendas.Data.Test", "tests\Unitarios\MBA.EducaOn.Vendas.Data.Test\MBA.EducaOn.Vendas.Data.Test.csproj", "{E290FA3E-C9CB-4751-84CC-62EFDFC5CCD5}"
EndProject
Global
	GlobalSection(SolutionConfigurationPlatforms) = preSolution
		Debug|Any CPU = Debug|Any CPU
		Release|Any CPU = Release|Any CPU
	EndGlobalSection
	GlobalSection(ProjectConfigurationPlatforms) = postSolution
		{90824F07-A90A-43AF-8B89-B2779B66A5D6}.Debug|Any CPU.ActiveCfg = Debug|Any CPU
		{90824F07-A90A-43AF-8B89-B2779B66A5D6}.Debug|Any CPU.Build.0 = Debug|Any CPU
		{90824F07-A90A-43AF-8B89-B2779B66A5D6}.Release|Any CPU.ActiveCfg = Release|Any CPU
		{90824F07-A90A-43AF-8B89-B2779B66A5D6}.Release|Any CPU.Build.0 = Release|Any CPU
		{A0B54D90-FFA4-4A78-9E51-11AC252FD567}.Debug|Any CPU.ActiveCfg = Debug|Any CPU
		{A0B54D90-FFA4-4A78-9E51-11AC252FD567}.Debug|Any CPU.Build.0 = Debug|Any CPU
		{A0B54D90-FFA4-4A78-9E51-11AC252FD567}.Release|Any CPU.ActiveCfg = Release|Any CPU
		{A0B54D90-FFA4-4A78-9E51-11AC252FD567}.Release|Any CPU.Build.0 = Release|Any CPU
		{3A8AC176-9B6B-41AE-8284-E5CFBE1D37C0}.Debug|Any CPU.ActiveCfg = Debug|Any CPU
		{3A8AC176-9B6B-41AE-8284-E5CFBE1D37C0}.Debug|Any CPU.Build.0 = Debug|Any CPU
		{3A8AC176-9B6B-41AE-8284-E5CFBE1D37C0}.Release|Any CPU.ActiveCfg = Release|Any CPU
		{3A8AC176-9B6B-41AE-8284-E5CFBE1D37C0}.Release|Any CPU.Build.0 = Release|Any CPU
		{6DB8875D-2AF8-4081-A987-4A5F36C360CA}.Debug|Any CPU.ActiveCfg = Debug|Any CPU
		{6DB8875D-2AF8-4081-A987-4A5F36C360CA}.Debug|Any CPU.Build.0 = Debug|Any CPU
		{6DB8875D-2AF8-4081-A987-4A5F36C360CA}.Release|Any CPU.ActiveCfg = Release|Any CPU
		{6DB8875D-2AF8-4081-A987-4A5F36C360CA}.Release|Any CPU.Build.0 = Release|Any CPU
		{4A6C3896-31DB-4650-AB6E-4BC0C55B36BB}.Debug|Any CPU.ActiveCfg = Debug|Any CPU
		{4A6C3896-31DB-4650-AB6E-4BC0C55B36BB}.Debug|Any CPU.Build.0 = Debug|Any CPU
		{4A6C3896-31DB-4650-AB6E-4BC0C55B36BB}.Release|Any CPU.ActiveCfg = Release|Any CPU
		{4A6C3896-31DB-4650-AB6E-4BC0C55B36BB}.Release|Any CPU.Build.0 = Release|Any CPU
		{62452676-1A93-4A91-8779-9AA619EAA11B}.Debug|Any CPU.ActiveCfg = Debug|Any CPU
		{62452676-1A93-4A91-8779-9AA619EAA11B}.Debug|Any CPU.Build.0 = Debug|Any CPU
		{62452676-1A93-4A91-8779-9AA619EAA11B}.Release|Any CPU.ActiveCfg = Release|Any CPU
		{62452676-1A93-4A91-8779-9AA619EAA11B}.Release|Any CPU.Build.0 = Release|Any CPU
		{FECADC2A-01F6-4202-A81E-8DF2A3841A02}.Debug|Any CPU.ActiveCfg = Debug|Any CPU
		{FECADC2A-01F6-4202-A81E-8DF2A3841A02}.Debug|Any CPU.Build.0 = Debug|Any CPU
		{FECADC2A-01F6-4202-A81E-8DF2A3841A02}.Release|Any CPU.ActiveCfg = Release|Any CPU
		{FECADC2A-01F6-4202-A81E-8DF2A3841A02}.Release|Any CPU.Build.0 = Release|Any CPU
		{3C4049F6-082E-4A28-B430-3E088B0D6718}.Debug|Any CPU.ActiveCfg = Debug|Any CPU
		{3C4049F6-082E-4A28-B430-3E088B0D6718}.Debug|Any CPU.Build.0 = Debug|Any CPU
		{3C4049F6-082E-4A28-B430-3E088B0D6718}.Release|Any CPU.ActiveCfg = Release|Any CPU
		{3C4049F6-082E-4A28-B430-3E088B0D6718}.Release|Any CPU.Build.0 = Release|Any CPU
		{C9A66957-C280-4769-BAAE-522886CEC81B}.Debug|Any CPU.ActiveCfg = Debug|Any CPU
		{C9A66957-C280-4769-BAAE-522886CEC81B}.Debug|Any CPU.Build.0 = Debug|Any CPU
		{C9A66957-C280-4769-BAAE-522886CEC81B}.Release|Any CPU.ActiveCfg = Release|Any CPU
		{C9A66957-C280-4769-BAAE-522886CEC81B}.Release|Any CPU.Build.0 = Release|Any CPU
		{383781F2-2F28-4831-A360-67EE5FBAE993}.Debug|Any CPU.ActiveCfg = Debug|Any CPU
		{383781F2-2F28-4831-A360-67EE5FBAE993}.Debug|Any CPU.Build.0 = Debug|Any CPU
		{383781F2-2F28-4831-A360-67EE5FBAE993}.Release|Any CPU.ActiveCfg = Release|Any CPU
		{383781F2-2F28-4831-A360-67EE5FBAE993}.Release|Any CPU.Build.0 = Release|Any CPU
		{BC9DE462-BBF2-42B2-A1D6-862DD7A4CC6C}.Debug|Any CPU.ActiveCfg = Debug|Any CPU
		{BC9DE462-BBF2-42B2-A1D6-862DD7A4CC6C}.Debug|Any CPU.Build.0 = Debug|Any CPU
		{BC9DE462-BBF2-42B2-A1D6-862DD7A4CC6C}.Release|Any CPU.ActiveCfg = Release|Any CPU
		{BC9DE462-BBF2-42B2-A1D6-862DD7A4CC6C}.Release|Any CPU.Build.0 = Release|Any CPU
		{A77B93FD-6C4A-48F9-AC7C-813AD75F5EE2}.Debug|Any CPU.ActiveCfg = Debug|Any CPU
		{A77B93FD-6C4A-48F9-AC7C-813AD75F5EE2}.Debug|Any CPU.Build.0 = Debug|Any CPU
		{A77B93FD-6C4A-48F9-AC7C-813AD75F5EE2}.Release|Any CPU.ActiveCfg = Release|Any CPU
		{A77B93FD-6C4A-48F9-AC7C-813AD75F5EE2}.Release|Any CPU.Build.0 = Release|Any CPU
		{D996FE86-F23F-4807-8AA9-963122ABAEBA}.Debug|Any CPU.ActiveCfg = Debug|Any CPU
		{D996FE86-F23F-4807-8AA9-963122ABAEBA}.Debug|Any CPU.Build.0 = Debug|Any CPU
		{D996FE86-F23F-4807-8AA9-963122ABAEBA}.Release|Any CPU.ActiveCfg = Release|Any CPU
		{D996FE86-F23F-4807-8AA9-963122ABAEBA}.Release|Any CPU.Build.0 = Release|Any CPU
		{49601748-E715-410A-8D8C-BDA61C4A6DED}.Debug|Any CPU.ActiveCfg = Debug|Any CPU
		{49601748-E715-410A-8D8C-BDA61C4A6DED}.Debug|Any CPU.Build.0 = Debug|Any CPU
		{49601748-E715-410A-8D8C-BDA61C4A6DED}.Release|Any CPU.ActiveCfg = Release|Any CPU
		{49601748-E715-410A-8D8C-BDA61C4A6DED}.Release|Any CPU.Build.0 = Release|Any CPU
		{E31D76F0-90BB-4BCD-B20C-9502F95E33CD}.Debug|Any CPU.ActiveCfg = Debug|Any CPU
		{E31D76F0-90BB-4BCD-B20C-9502F95E33CD}.Debug|Any CPU.Build.0 = Debug|Any CPU
		{E31D76F0-90BB-4BCD-B20C-9502F95E33CD}.Release|Any CPU.ActiveCfg = Release|Any CPU
		{E31D76F0-90BB-4BCD-B20C-9502F95E33CD}.Release|Any CPU.Build.0 = Release|Any CPU
		{E441DFBB-88AD-4E3E-8061-A67E7080BDED}.Debug|Any CPU.ActiveCfg = Debug|Any CPU
		{E441DFBB-88AD-4E3E-8061-A67E7080BDED}.Debug|Any CPU.Build.0 = Debug|Any CPU
		{E441DFBB-88AD-4E3E-8061-A67E7080BDED}.Release|Any CPU.ActiveCfg = Release|Any CPU
		{E441DFBB-88AD-4E3E-8061-A67E7080BDED}.Release|Any CPU.Build.0 = Release|Any CPU
		{BE1CEC50-929D-48BA-92E4-B00EE96E158D}.Debug|Any CPU.ActiveCfg = Debug|Any CPU
		{BE1CEC50-929D-48BA-92E4-B00EE96E158D}.Debug|Any CPU.Build.0 = Debug|Any CPU
		{BE1CEC50-929D-48BA-92E4-B00EE96E158D}.Release|Any CPU.ActiveCfg = Release|Any CPU
		{BE1CEC50-929D-48BA-92E4-B00EE96E158D}.Release|Any CPU.Build.0 = Release|Any CPU
		{50349B7D-3992-47D2-8A8E-5197300B9431}.Debug|Any CPU.ActiveCfg = Debug|Any CPU
		{50349B7D-3992-47D2-8A8E-5197300B9431}.Debug|Any CPU.Build.0 = Debug|Any CPU
		{50349B7D-3992-47D2-8A8E-5197300B9431}.Release|Any CPU.ActiveCfg = Release|Any CPU
		{50349B7D-3992-47D2-8A8E-5197300B9431}.Release|Any CPU.Build.0 = Release|Any CPU
		{319A7A2A-DDFE-4AD6-8C29-F3781DD0B19A}.Debug|Any CPU.ActiveCfg = Debug|Any CPU
		{319A7A2A-DDFE-4AD6-8C29-F3781DD0B19A}.Debug|Any CPU.Build.0 = Debug|Any CPU
		{319A7A2A-DDFE-4AD6-8C29-F3781DD0B19A}.Release|Any CPU.ActiveCfg = Release|Any CPU
		{319A7A2A-DDFE-4AD6-8C29-F3781DD0B19A}.Release|Any CPU.Build.0 = Release|Any CPU
		{243EDFEE-43F1-4890-8317-7AE08F5720B2}.Debug|Any CPU.ActiveCfg = Debug|Any CPU
		{243EDFEE-43F1-4890-8317-7AE08F5720B2}.Debug|Any CPU.Build.0 = Debug|Any CPU
		{243EDFEE-43F1-4890-8317-7AE08F5720B2}.Release|Any CPU.ActiveCfg = Release|Any CPU
		{243EDFEE-43F1-4890-8317-7AE08F5720B2}.Release|Any CPU.Build.0 = Release|Any CPU
		{5858E365-8C02-41F0-82E9-8E8C031B628C}.Debug|Any CPU.ActiveCfg = Debug|Any CPU
		{5858E365-8C02-41F0-82E9-8E8C031B628C}.Debug|Any CPU.Build.0 = Debug|Any CPU
		{5858E365-8C02-41F0-82E9-8E8C031B628C}.Release|Any CPU.ActiveCfg = Release|Any CPU
		{5858E365-8C02-41F0-82E9-8E8C031B628C}.Release|Any CPU.Build.0 = Release|Any CPU
		{CCBD88D2-AB74-4CF3-BAB4-92924A00735B}.Debug|Any CPU.ActiveCfg = Debug|Any CPU
		{CCBD88D2-AB74-4CF3-BAB4-92924A00735B}.Debug|Any CPU.Build.0 = Debug|Any CPU
		{CCBD88D2-AB74-4CF3-BAB4-92924A00735B}.Release|Any CPU.ActiveCfg = Release|Any CPU
		{CCBD88D2-AB74-4CF3-BAB4-92924A00735B}.Release|Any CPU.Build.0 = Release|Any CPU
		{E290FA3E-C9CB-4751-84CC-62EFDFC5CCD5}.Debug|Any CPU.ActiveCfg = Debug|Any CPU
		{E290FA3E-C9CB-4751-84CC-62EFDFC5CCD5}.Debug|Any CPU.Build.0 = Debug|Any CPU
		{E290FA3E-C9CB-4751-84CC-62EFDFC5CCD5}.Release|Any CPU.ActiveCfg = Release|Any CPU
		{E290FA3E-C9CB-4751-84CC-62EFDFC5CCD5}.Release|Any CPU.Build.0 = Release|Any CPU
	EndGlobalSection
	GlobalSection(SolutionProperties) = preSolution
		HideSolutionNode = FALSE
	EndGlobalSection
	GlobalSection(NestedProjects) = preSolution
		{0DBD0DE6-FF7F-4D0B-85DE-860B9533AED8} = {14E32927-E954-42A2-82D2-AF6DD65CE16D}
		{AC591448-C1AE-4529-A90F-2816BCBDE260} = {D447C659-2697-4C93-BBCE-A0432E3DA838}
		{FAFF0329-6CF9-4378-935B-52F42BC2342E} = {14E32927-E954-42A2-82D2-AF6DD65CE16D}
		{90824F07-A90A-43AF-8B89-B2779B66A5D6} = {02EA681E-C7D8-13C7-8484-4AC65E1B71E8}
		{A0B54D90-FFA4-4A78-9E51-11AC252FD567} = {AC591448-C1AE-4529-A90F-2816BCBDE260}
		{3CBC87A3-6D04-4784-BB28-AE9414EBEFC0} = {14E32927-E954-42A2-82D2-AF6DD65CE16D}
		{3A8AC176-9B6B-41AE-8284-E5CFBE1D37C0} = {0DBD0DE6-FF7F-4D0B-85DE-860B9533AED8}
		{6DB8875D-2AF8-4081-A987-4A5F36C360CA} = {0DBD0DE6-FF7F-4D0B-85DE-860B9533AED8}
		{4A6C3896-31DB-4650-AB6E-4BC0C55B36BB} = {0DBD0DE6-FF7F-4D0B-85DE-860B9533AED8}
		{FC6D0BCC-D46F-4926-8784-F041C256D0B7} = {0DBD0DE6-FF7F-4D0B-85DE-860B9533AED8}
		{36B3A60A-EC03-4DD8-8AAE-A626430BD2E6} = {3CBC87A3-6D04-4784-BB28-AE9414EBEFC0}
		{C6E13DBF-36C1-40A2-A937-B290F2B8A2F9} = {FAFF0329-6CF9-4378-935B-52F42BC2342E}
		{62452676-1A93-4A91-8779-9AA619EAA11B} = {3CBC87A3-6D04-4784-BB28-AE9414EBEFC0}
		{FECADC2A-01F6-4202-A81E-8DF2A3841A02} = {3CBC87A3-6D04-4784-BB28-AE9414EBEFC0}
		{3C4049F6-082E-4A28-B430-3E088B0D6718} = {3CBC87A3-6D04-4784-BB28-AE9414EBEFC0}
		{14E32927-E954-42A2-82D2-AF6DD65CE16D} = {D447C659-2697-4C93-BBCE-A0432E3DA838}
		{C9A66957-C280-4769-BAAE-522886CEC81B} = {AC591448-C1AE-4529-A90F-2816BCBDE260}
		{383781F2-2F28-4831-A360-67EE5FBAE993} = {AC591448-C1AE-4529-A90F-2816BCBDE260}
		{BC9DE462-BBF2-42B2-A1D6-862DD7A4CC6C} = {72DEC180-B440-4C1C-A9B9-F4712AE21249}
		{369C8170-ACB1-4119-8524-6506834DE044} = {14E32927-E954-42A2-82D2-AF6DD65CE16D}
		{5D6FD177-08D7-4DD5-8913-7CBB474CA882} = {369C8170-ACB1-4119-8524-6506834DE044}
		{A77B93FD-6C4A-48F9-AC7C-813AD75F5EE2} = {369C8170-ACB1-4119-8524-6506834DE044}
		{D996FE86-F23F-4807-8AA9-963122ABAEBA} = {369C8170-ACB1-4119-8524-6506834DE044}
		{49601748-E715-410A-8D8C-BDA61C4A6DED} = {369C8170-ACB1-4119-8524-6506834DE044}
		{E31D76F0-90BB-4BCD-B20C-9502F95E33CD} = {36B3A60A-EC03-4DD8-8AAE-A626430BD2E6}
		{E441DFBB-88AD-4E3E-8061-A67E7080BDED} = {36B3A60A-EC03-4DD8-8AAE-A626430BD2E6}
		{BE1CEC50-929D-48BA-92E4-B00EE96E158D} = {FC6D0BCC-D46F-4926-8784-F041C256D0B7}
		{50349B7D-3992-47D2-8A8E-5197300B9431} = {FC6D0BCC-D46F-4926-8784-F041C256D0B7}
		{319A7A2A-DDFE-4AD6-8C29-F3781DD0B19A} = {FAFF0329-6CF9-4378-935B-52F42BC2342E}
		{243EDFEE-43F1-4890-8317-7AE08F5720B2} = {FAFF0329-6CF9-4378-935B-52F42BC2342E}
		{5858E365-8C02-41F0-82E9-8E8C031B628C} = {FAFF0329-6CF9-4378-935B-52F42BC2342E}
		{CCBD88D2-AB74-4CF3-BAB4-92924A00735B} = {5D6FD177-08D7-4DD5-8913-7CBB474CA882}
		{E290FA3E-C9CB-4751-84CC-62EFDFC5CCD5} = {5D6FD177-08D7-4DD5-8913-7CBB474CA882}
	EndGlobalSection
	GlobalSection(ExtensibilityGlobals) = postSolution
		SolutionGuid = {4E201B25-D2ED-43B2-B11B-FC83185EA61E}
	EndGlobalSection
EndGlobal
